
Microsoft Visual Studio Solution File, Format Version 12.00
# Visual Studio Version 16
VisualStudioVersion = 16.0.29613.14
MinimumVisualStudioVersion = 10.0.40219.1
Project("{FAE04EC0-301F-11D3-BF4B-00C04F79EFBC}") = "outcal2org", "outcal2org\outcal2org.csproj", "{C2D47230-06D3-47DB-AABD-34E9AB7C3D9A}"
EndProject
Global
	GlobalSection(SolutionConfigurationPlatforms) = preSolution
		Debug|Any CPU = Debug|Any CPU
		Release|Any CPU = Release|Any CPU
	EndGlobalSection
	GlobalSection(ProjectConfigurationPlatforms) = postSolution
		{C2D47230-06D3-47DB-AABD-34E9AB7C3D9A}.Debug|Any CPU.ActiveCfg = Debug|Any CPU
		{C2D47230-06D3-47DB-AABD-34E9AB7C3D9A}.Debug|Any CPU.Build.0 = Debug|Any CPU
		{C2D47230-06D3-47DB-AABD-34E9AB7C3D9A}.Release|Any CPU.ActiveCfg = Release|Any CPU
		{C2D47230-06D3-47DB-AABD-34E9AB7C3D9A}.Release|Any CPU.Build.0 = Release|Any CPU
	EndGlobalSection
	GlobalSection(SolutionProperties) = preSolution
		HideSolutionNode = FALSE
	EndGlobalSection
	GlobalSection(ExtensibilityGlobals) = postSolution
		SolutionGuid = {1A472A13-4707-463E-8306-BFC593B82D0E}
	EndGlobalSection
EndGlobal
